
Microsoft Visual Studio Solution File, Format Version 12.00
# Visual Studio Version 17
VisualStudioVersion = 17.4.33213.308
MinimumVisualStudioVersion = 10.0.40219.1
Project("{2150E333-8FDC-42A3-9474-1A3956D46DE8}") = "src", "src", "{43FE770A-4433-431F-867B-7FEE7A763F39}"
EndProject
Project("{2150E333-8FDC-42A3-9474-1A3956D46DE8}") = "test", "test", "{39EDA0FA-112D-4BAD-9720-1810AE597D18}"
EndProject
Project("{9A19103F-16F7-4668-BE54-9A1E7A4F7556}") = "RugbyManager.Application", "src\RugbyManager.Application\RugbyManager.Application.csproj", "{5444D0A8-04BD-4E64-BF99-771561953A8E}"
EndProject
Project("{FAE04EC0-301F-11D3-BF4B-00C04F79EFBC}") = "RugbyManager.Domain", "RugbyManager.Domain\RugbyManager.Domain.csproj", "{D7CF6931-83B0-4331-AD09-3C4810A78D3C}"
EndProject
Project("{FAE04EC0-301F-11D3-BF4B-00C04F79EFBC}") = "RugbyManager.Application.UnitTests", "RugbyManager.Application.UnitTests\RugbyManager.Application.UnitTests.csproj", "{93135B87-F085-4B30-A247-41787A53A710}"
EndProject
Global
	GlobalSection(SolutionConfigurationPlatforms) = preSolution
		Debug|Any CPU = Debug|Any CPU
		Release|Any CPU = Release|Any CPU
	EndGlobalSection
	GlobalSection(ProjectConfigurationPlatforms) = postSolution
		{5444D0A8-04BD-4E64-BF99-771561953A8E}.Debug|Any CPU.ActiveCfg = Debug|Any CPU
		{5444D0A8-04BD-4E64-BF99-771561953A8E}.Debug|Any CPU.Build.0 = Debug|Any CPU
		{5444D0A8-04BD-4E64-BF99-771561953A8E}.Release|Any CPU.ActiveCfg = Release|Any CPU
		{5444D0A8-04BD-4E64-BF99-771561953A8E}.Release|Any CPU.Build.0 = Release|Any CPU
		{D7CF6931-83B0-4331-AD09-3C4810A78D3C}.Debug|Any CPU.ActiveCfg = Debug|Any CPU
		{D7CF6931-83B0-4331-AD09-3C4810A78D3C}.Debug|Any CPU.Build.0 = Debug|Any CPU
		{D7CF6931-83B0-4331-AD09-3C4810A78D3C}.Release|Any CPU.ActiveCfg = Release|Any CPU
		{D7CF6931-83B0-4331-AD09-3C4810A78D3C}.Release|Any CPU.Build.0 = Release|Any CPU
		{93135B87-F085-4B30-A247-41787A53A710}.Debug|Any CPU.ActiveCfg = Debug|Any CPU
		{93135B87-F085-4B30-A247-41787A53A710}.Debug|Any CPU.Build.0 = Debug|Any CPU
		{93135B87-F085-4B30-A247-41787A53A710}.Release|Any CPU.ActiveCfg = Release|Any CPU
		{93135B87-F085-4B30-A247-41787A53A710}.Release|Any CPU.Build.0 = Release|Any CPU
	EndGlobalSection
	GlobalSection(SolutionProperties) = preSolution
		HideSolutionNode = FALSE
	EndGlobalSection
	GlobalSection(NestedProjects) = preSolution
		{5444D0A8-04BD-4E64-BF99-771561953A8E} = {43FE770A-4433-431F-867B-7FEE7A763F39}
		{D7CF6931-83B0-4331-AD09-3C4810A78D3C} = {43FE770A-4433-431F-867B-7FEE7A763F39}
		{93135B87-F085-4B30-A247-41787A53A710} = {39EDA0FA-112D-4BAD-9720-1810AE597D18}
	EndGlobalSection
	GlobalSection(ExtensibilityGlobals) = postSolution
		SolutionGuid = {593AA2D8-E7C7-4026-9752-A23201E1ACD7}
	EndGlobalSection
EndGlobal
